
Microsoft Visual Studio Solution File, Format Version 12.00
# Visual Studio Version 17
VisualStudioVersion = 17.5.33424.131
MinimumVisualStudioVersion = 10.0.40219.1
Project("{FAE04EC0-301F-11D3-BF4B-00C04F79EFBC}") = "ReverseStringTool", "ReverseStringTool\ReverseStringTool.csproj", "{4BE13A36-6176-4646-A99E-03F8F765EE5E}"
EndProject
Global
	GlobalSection(SolutionConfigurationPlatforms) = preSolution
		Debug|Any CPU = Debug|Any CPU
		Release|Any CPU = Release|Any CPU
	EndGlobalSection
	GlobalSection(ProjectConfigurationPlatforms) = postSolution
		{4BE13A36-6176-4646-A99E-03F8F765EE5E}.Debug|Any CPU.ActiveCfg = Debug|Any CPU
		{4BE13A36-6176-4646-A99E-03F8F765EE5E}.Debug|Any CPU.Build.0 = Debug|Any CPU
		{4BE13A36-6176-4646-A99E-03F8F765EE5E}.Release|Any CPU.ActiveCfg = Release|Any CPU
		{4BE13A36-6176-4646-A99E-03F8F765EE5E}.Release|Any CPU.Build.0 = Release|Any CPU
	EndGlobalSection
	GlobalSection(SolutionProperties) = preSolution
		HideSolutionNode = FALSE
	EndGlobalSection
	GlobalSection(ExtensibilityGlobals) = postSolution
		SolutionGuid = {5A653380-40B8-46DD-8522-A2B660E2BC4A}
	EndGlobalSection
EndGlobal
